
Microsoft Visual Studio Solution File, Format Version 12.00
# Visual Studio Version 16
VisualStudioVersion = 16.0.30711.63
MinimumVisualStudioVersion = 10.0.40219.1
Project("{FAE04EC0-301F-11D3-BF4B-00C04F79EFBC}") = "Moglan_Vlad_Lab10.Android", "Moglan_Vlad_Lab10.Android\Moglan_Vlad_Lab10.Android.csproj", "{AFCC53E0-97A1-460E-80EA-8B44F139CA30}"
EndProject
Project("{FAE04EC0-301F-11D3-BF4B-00C04F79EFBC}") = "Moglan_Vlad_Lab10.iOS", "Moglan_Vlad_Lab10.iOS\Moglan_Vlad_Lab10.iOS.csproj", "{02F2DE54-9607-4834-A4FF-8CF9CAE68378}"
EndProject
Project("{FAE04EC0-301F-11D3-BF4B-00C04F79EFBC}") = "Moglan_Vlad_Lab10", "Moglan_Vlad_Lab10\Moglan_Vlad_Lab10.csproj", "{AB61D3CA-2091-46F5-B9CF-FA76353C47C0}"
EndProject
Global
	GlobalSection(SolutionConfigurationPlatforms) = preSolution
		Debug|Any CPU = Debug|Any CPU
		Debug|iPhone = Debug|iPhone
		Debug|iPhoneSimulator = Debug|iPhoneSimulator
		Release|Any CPU = Release|Any CPU
		Release|iPhone = Release|iPhone
		Release|iPhoneSimulator = Release|iPhoneSimulator
	EndGlobalSection
	GlobalSection(ProjectConfigurationPlatforms) = postSolution
		{AFCC53E0-97A1-460E-80EA-8B44F139CA30}.Debug|Any CPU.ActiveCfg = Debug|Any CPU
		{AFCC53E0-97A1-460E-80EA-8B44F139CA30}.Debug|Any CPU.Build.0 = Debug|Any CPU
		{AFCC53E0-97A1-460E-80EA-8B44F139CA30}.Debug|Any CPU.Deploy.0 = Debug|Any CPU
		{AFCC53E0-97A1-460E-80EA-8B44F139CA30}.Debug|iPhone.ActiveCfg = Debug|Any CPU
		{AFCC53E0-97A1-460E-80EA-8B44F139CA30}.Debug|iPhone.Build.0 = Debug|Any CPU
		{AFCC53E0-97A1-460E-80EA-8B44F139CA30}.Debug|iPhone.Deploy.0 = Debug|Any CPU
		{AFCC53E0-97A1-460E-80EA-8B44F139CA30}.Debug|iPhoneSimulator.ActiveCfg = Debug|Any CPU
		{AFCC53E0-97A1-460E-80EA-8B44F139CA30}.Debug|iPhoneSimulator.Build.0 = Debug|Any CPU
		{AFCC53E0-97A1-460E-80EA-8B44F139CA30}.Debug|iPhoneSimulator.Deploy.0 = Debug|Any CPU
		{AFCC53E0-97A1-460E-80EA-8B44F139CA30}.Release|Any CPU.ActiveCfg = Release|Any CPU
		{AFCC53E0-97A1-460E-80EA-8B44F139CA30}.Release|Any CPU.Build.0 = Release|Any CPU
		{AFCC53E0-97A1-460E-80EA-8B44F139CA30}.Release|Any CPU.Deploy.0 = Release|Any CPU
		{AFCC53E0-97A1-460E-80EA-8B44F139CA30}.Release|iPhone.ActiveCfg = Release|Any CPU
		{AFCC53E0-97A1-460E-80EA-8B44F139CA30}.Release|iPhone.Build.0 = Release|Any CPU
		{AFCC53E0-97A1-460E-80EA-8B44F139CA30}.Release|iPhone.Deploy.0 = Release|Any CPU
		{AFCC53E0-97A1-460E-80EA-8B44F139CA30}.Release|iPhoneSimulator.ActiveCfg = Release|Any CPU
		{AFCC53E0-97A1-460E-80EA-8B44F139CA30}.Release|iPhoneSimulator.Build.0 = Release|Any CPU
		{AFCC53E0-97A1-460E-80EA-8B44F139CA30}.Release|iPhoneSimulator.Deploy.0 = Release|Any CPU
		{02F2DE54-9607-4834-A4FF-8CF9CAE68378}.Debug|Any CPU.ActiveCfg = Debug|iPhone
		{02F2DE54-9607-4834-A4FF-8CF9CAE68378}.Debug|Any CPU.Build.0 = Debug|iPhone
		{02F2DE54-9607-4834-A4FF-8CF9CAE68378}.Debug|Any CPU.Deploy.0 = Debug|iPhone
		{02F2DE54-9607-4834-A4FF-8CF9CAE68378}.Debug|iPhone.ActiveCfg = Debug|iPhone
		{02F2DE54-9607-4834-A4FF-8CF9CAE68378}.Debug|iPhone.Build.0 = Debug|iPhone
		{02F2DE54-9607-4834-A4FF-8CF9CAE68378}.Debug|iPhone.Deploy.0 = Debug|iPhone
		{02F2DE54-9607-4834-A4FF-8CF9CAE68378}.Debug|iPhoneSimulator.ActiveCfg = Debug|iPhoneSimulator
		{02F2DE54-9607-4834-A4FF-8CF9CAE68378}.Debug|iPhoneSimulator.Build.0 = Debug|iPhoneSimulator
		{02F2DE54-9607-4834-A4FF-8CF9CAE68378}.Debug|iPhoneSimulator.Deploy.0 = Debug|iPhoneSimulator
		{02F2DE54-9607-4834-A4FF-8CF9CAE68378}.Release|Any CPU.ActiveCfg = Release|iPhoneSimulator
		{02F2DE54-9607-4834-A4FF-8CF9CAE68378}.Release|Any CPU.Build.0 = Release|iPhoneSimulator
		{02F2DE54-9607-4834-A4FF-8CF9CAE68378}.Release|Any CPU.Deploy.0 = Release|iPhoneSimulator
		{02F2DE54-9607-4834-A4FF-8CF9CAE68378}.Release|iPhone.ActiveCfg = Release|iPhone
		{02F2DE54-9607-4834-A4FF-8CF9CAE68378}.Release|iPhone.Build.0 = Release|iPhone
		{02F2DE54-9607-4834-A4FF-8CF9CAE68378}.Release|iPhone.Deploy.0 = Release|iPhone
		{02F2DE54-9607-4834-A4FF-8CF9CAE68378}.Release|iPhoneSimulator.ActiveCfg = Release|iPhoneSimulator
		{02F2DE54-9607-4834-A4FF-8CF9CAE68378}.Release|iPhoneSimulator.Build.0 = Release|iPhoneSimulator
		{02F2DE54-9607-4834-A4FF-8CF9CAE68378}.Release|iPhoneSimulator.Deploy.0 = Release|iPhoneSimulator
		{AB61D3CA-2091-46F5-B9CF-FA76353C47C0}.Debug|Any CPU.ActiveCfg = Debug|Any CPU
		{AB61D3CA-2091-46F5-B9CF-FA76353C47C0}.Debug|Any CPU.Build.0 = Debug|Any CPU
		{AB61D3CA-2091-46F5-B9CF-FA76353C47C0}.Debug|Any CPU.Deploy.0 = Debug|Any CPU
		{AB61D3CA-2091-46F5-B9CF-FA76353C47C0}.Debug|iPhone.ActiveCfg = Debug|Any CPU
		{AB61D3CA-2091-46F5-B9CF-FA76353C47C0}.Debug|iPhone.Build.0 = Debug|Any CPU
		{AB61D3CA-2091-46F5-B9CF-FA76353C47C0}.Debug|iPhone.Deploy.0 = Debug|Any CPU
		{AB61D3CA-2091-46F5-B9CF-FA76353C47C0}.Debug|iPhoneSimulator.ActiveCfg = Debug|Any CPU
		{AB61D3CA-2091-46F5-B9CF-FA76353C47C0}.Debug|iPhoneSimulator.Build.0 = Debug|Any CPU
		{AB61D3CA-2091-46F5-B9CF-FA76353C47C0}.Debug|iPhoneSimulator.Deploy.0 = Debug|Any CPU
		{AB61D3CA-2091-46F5-B9CF-FA76353C47C0}.Release|Any CPU.ActiveCfg = Release|Any CPU
		{AB61D3CA-2091-46F5-B9CF-FA76353C47C0}.Release|Any CPU.Build.0 = Release|Any CPU
		{AB61D3CA-2091-46F5-B9CF-FA76353C47C0}.Release|Any CPU.Deploy.0 = Release|Any CPU
		{AB61D3CA-2091-46F5-B9CF-FA76353C47C0}.Release|iPhone.ActiveCfg = Release|Any CPU
		{AB61D3CA-2091-46F5-B9CF-FA76353C47C0}.Release|iPhone.Build.0 = Release|Any CPU
		{AB61D3CA-2091-46F5-B9CF-FA76353C47C0}.Release|iPhone.Deploy.0 = Release|Any CPU
		{AB61D3CA-2091-46F5-B9CF-FA76353C47C0}.Release|iPhoneSimulator.ActiveCfg = Release|Any CPU
		{AB61D3CA-2091-46F5-B9CF-FA76353C47C0}.Release|iPhoneSimulator.Build.0 = Release|Any CPU
		{AB61D3CA-2091-46F5-B9CF-FA76353C47C0}.Release|iPhoneSimulator.Deploy.0 = Release|Any CPU
	EndGlobalSection
	GlobalSection(SolutionProperties) = preSolution
		HideSolutionNode = FALSE
	EndGlobalSection
	GlobalSection(ExtensibilityGlobals) = postSolution
		SolutionGuid = {9A155720-8CA0-42C6-8046-589ED9326FEE}
	EndGlobalSection
EndGlobal
